<?xml version="1.0" encoding="utf-8"?>
<Project ToolsVersion="4.0" xmlns="http://schemas.microsoft.com/developer/msbuild/2003">
  <ItemGroup>
    <Filter Include="Source Files">
      <UniqueIdentifier>{4FC737F1-C7A5-4376-A066-2A32D752A2FF}</UniqueIdentifier>
      <Extensions>cpp;c;cc;cxx;c++;cppm;ixx;def;odl;idl;hpj;bat;asm;asmx</Extensions>
    </Filter>
    <Filter Include="Header Files">
      <UniqueIdentifier>{93995380-89BD-4b04-88EB-625FBE52EBFB}</UniqueIdentifier>
      <Extensions>h;hh;hpp;hxx;h++;hm;inl;inc;ipp;xsd</Extensions>
    </Filter>
    <Filter Include="Header Files\QEngine">
      <UniqueIdentifier>{6e83e403-76e4-46de-acee-3ea39f1af22c}</UniqueIdentifier>
    </Filter>
    <Filter Include="Header Files\QEngine\Debug">
      <UniqueIdentifier>{7b79bea0-7a42-448e-9c4f-91c6167d5b72}</UniqueIdentifier>
    </Filter>
    <Filter Include="Header Files\QEngine\VkRender">
      <UniqueIdentifier>{e898a7ba-3749-4a0f-a65c-a0204557b73f}</UniqueIdentifier>
    </Filter>
    <Filter Include="Source Files\QEngine">
      <UniqueIdentifier>{1b4135c0-f095-4da2-8112-449f74b1dd0a}</UniqueIdentifier>
    </Filter>
    <Filter Include="Source Files\QEngine\VkRender">
      <UniqueIdentifier>{8949b079-2cf1-43e3-b50f-4e513011d3e0}</UniqueIdentifier>
    </Filter>
    <Filter Include="Source Files\QEngine\Debug">
      <UniqueIdentifier>{7bf3d412-787e-4e2f-9f15-cf6938a9cb5a}</UniqueIdentifier>
    </Filter>
    <Filter Include="Shaders">
      <UniqueIdentifier>{cc9c4cdc-2e4d-4c95-a918-3fd228d5f57b}</UniqueIdentifier>
    </Filter>
    <Filter Include="Shaders\GLSL">
      <UniqueIdentifier>{767a9f4b-5183-4bbf-bdd4-dac982ff51c6}</UniqueIdentifier>
    </Filter>
    <Filter Include="Shaders\GLSL\Test">
      <UniqueIdentifier>{19c44bf3-c23d-44e1-bc17-35249d9f9e97}</UniqueIdentifier>
    </Filter>
    <Filter Include="Source Files\QEngine\Compilers">
      <UniqueIdentifier>{7f8f95d0-1193-4140-9988-011695d78205}</UniqueIdentifier>
    </Filter>
    <Filter Include="Header Files\QEngine\VkRender\Pools">
      <UniqueIdentifier>{9cf9418a-0080-4c4f-b8de-edca775f0985}</UniqueIdentifier>
    </Filter>
    <Filter Include="Source Files\QEngine\VkRender\Pools">
      <UniqueIdentifier>{888cd865-c799-4a39-98aa-a6e86c844e5e}</UniqueIdentifier>
    </Filter>
    <Filter Include="Header Files\QEngine\VkRender\Buffers">
      <UniqueIdentifier>{a2925e9e-772d-4915-a5a2-c3850fdd4382}</UniqueIdentifier>
    </Filter>
    <Filter Include="Source Files\QEngine\VkRender\Buffers">
      <UniqueIdentifier>{00361a38-7fb5-4e4a-9f21-08ec0e5d1e12}</UniqueIdentifier>
    </Filter>
  </ItemGroup>
  <ItemGroup>
    <ClCompile Include="main.cpp">
      <Filter>Source Files</Filter>
    </ClCompile>
    <ClCompile Include="Debug.cpp">
      <Filter>Source Files\QEngine\Debug</Filter>
    </ClCompile>
    <ClCompile Include="ThrowErr.cpp">
      <Filter>Source Files\QEngine\Debug</Filter>
    </ClCompile>
    <ClCompile Include="VulkanRenderer.cpp">
      <Filter>Source Files\QEngine\VkRender</Filter>
    </ClCompile>
    <ClCompile Include="VulkanGraphicsPipeline.cpp">
      <Filter>Source Files\QEngine\VkRender</Filter>
    </ClCompile>
    <ClCompile Include="VulkanGraphicsCommandPool.cpp">
      <Filter>Source Files\QEngine\VkRender\Pools</Filter>
    </ClCompile>
    <ClCompile Include="VulkanFrameBuffer.cpp">
      <Filter>Source Files\QEngine\VkRender\Buffers</Filter>
    </ClCompile>
    <ClCompile Include="VulkanCommandBuffer.cpp">
      <Filter>Source Files\QEngine\VkRender\Buffers</Filter>
    </ClCompile>
  </ItemGroup>
  <ItemGroup>
    <ClInclude Include="QEngine.h">
      <Filter>Header Files\QEngine</Filter>
    </ClInclude>
    <ClInclude Include="ThrowErr.h">
      <Filter>Header Files\QEngine\Debug</Filter>
    </ClInclude>
    <ClInclude Include="Debug.h">
      <Filter>Header Files\QEngine\Debug</Filter>
    </ClInclude>
    <ClInclude Include="VulkanRenderer.h">
      <Filter>Header Files\QEngine\VkRender</Filter>
    </ClInclude>
    <ClInclude Include="VulkanUtilities.h">
      <Filter>Header Files\QEngine\VkRender</Filter>
    </ClInclude>
    <ClInclude Include="VulkanValidation.h">
      <Filter>Header Files\QEngine\VkRender</Filter>
    </ClInclude>
    <ClInclude Include="VulkanGraphicsPipeline.h">
      <Filter>Header Files\QEngine\VkRender</Filter>
    </ClInclude>
    <ClInclude Include="VulkanGraphicsCommandPool.h">
      <Filter>Header Files\QEngine\VkRender\Pools</Filter>
    </ClInclude>
    <ClInclude Include="VulkanFrameBuffer.h">
      <Filter>Header Files\QEngine\VkRender\Buffers</Filter>
    </ClInclude>
    <ClInclude Include="VulkanCommandBuffer.h">
      <Filter>Header Files\QEngine\VkRender\Buffers</Filter>
    </ClInclude>
  </ItemGroup>
  <ItemGroup>
    <None Include="..\Shaders\test_shader.vert">
      <Filter>Shaders\GLSL\Test</Filter>
    </None>
    <None Include="..\Shaders\test_shader.frag">
      <Filter>Shaders\GLSL\Test</Filter>
    </None>
    <None Include="..\Shaders\SPIR-VGLSLCompiler.bat">
      <Filter>Source Files\QEngine\Compilers</Filter>
    </None>
  </ItemGroup>
</Project>